apiVersion: storage.k8s.io/v1
kind: StorageClass
metadata:
  annotations:
    kubectl.kubernetes.io/last-applied-configuration: |
      {"apiVersion":"storage.k8s.io/v1","kind":"StorageClass","metadata":{"annotations":{},"name":"rook-ceph-block"},"parameters":{"blockPool":"replicapool","clusterNamespace":"rook-ceph","fstype":"xfs"},"provisioner":"ceph.rook.io/block"}
  creationTimestamp: "2019-01-09T04:47:41Z"
  name: rook-ceph-block
  resourceVersion: "125105"
  selfLink: /apis/storage.k8s.io/v1/storageclasses/rook-ceph-block
  uid: b2a2d4b6-13c9-11e9-b8d4-54b2031aa53c
parameters:
  blockPool: replicapool
  clusterNamespace: kube-system
  fstype: xfs
provisioner: ceph.rook.io/block
reclaimPolicy: Delete
volumeBindingMode: Immediate
